
Microsoft Visual Studio Solution File, Format Version 12.00
# Visual Studio Version 17
VisualStudioVersion = 17.3.32825.248
MinimumVisualStudioVersion = 10.0.40219.1
Project("{888888A0-9F3D-457C-B088-3A5042F75D52}") = "OS_Laba4_Zadanie3_Server_pipe", "OS_Laba4_Zadanie3_Server_pipe.pyproj", "{158125B9-34BB-4D79-A9F6-245CCCC43EAE}"
EndProject
Global
	GlobalSection(SolutionConfigurationPlatforms) = preSolution
		Debug|Any CPU = Debug|Any CPU
		Release|Any CPU = Release|Any CPU
	EndGlobalSection
	GlobalSection(ProjectConfigurationPlatforms) = postSolution
		{158125B9-34BB-4D79-A9F6-245CCCC43EAE}.Debug|Any CPU.ActiveCfg = Debug|Any CPU
		{158125B9-34BB-4D79-A9F6-245CCCC43EAE}.Release|Any CPU.ActiveCfg = Release|Any CPU
	EndGlobalSection
	GlobalSection(SolutionProperties) = preSolution
		HideSolutionNode = FALSE
	EndGlobalSection
	GlobalSection(ExtensibilityGlobals) = postSolution
		SolutionGuid = {7ABB91A6-8843-4D6B-85A1-E38E126D6D9D}
	EndGlobalSection
EndGlobal
