
Microsoft Visual Studio Solution File, Format Version 12.00
# Visual Studio Version 17
VisualStudioVersion = 17.3.32825.248
MinimumVisualStudioVersion = 10.0.40219.1
Project("{888888A0-9F3D-457C-B088-3A5042F75D52}") = "OS_Laba4_Zadanie1_Shared_memory", "OS_Laba4_Zadanie1_Shared_memory.pyproj", "{DF4255C8-45A6-4E32-BF48-957986BE4C2B}"
EndProject
Global
	GlobalSection(SolutionConfigurationPlatforms) = preSolution
		Debug|Any CPU = Debug|Any CPU
		Release|Any CPU = Release|Any CPU
	EndGlobalSection
	GlobalSection(ProjectConfigurationPlatforms) = postSolution
		{DF4255C8-45A6-4E32-BF48-957986BE4C2B}.Debug|Any CPU.ActiveCfg = Debug|Any CPU
		{DF4255C8-45A6-4E32-BF48-957986BE4C2B}.Release|Any CPU.ActiveCfg = Release|Any CPU
	EndGlobalSection
	GlobalSection(SolutionProperties) = preSolution
		HideSolutionNode = FALSE
	EndGlobalSection
	GlobalSection(ExtensibilityGlobals) = postSolution
		SolutionGuid = {57CB9886-3557-45C0-A264-1A9DC4E7A4B3}
	EndGlobalSection
EndGlobal
