
Microsoft Visual Studio Solution File, Format Version 12.00
# Visual Studio Version 17
VisualStudioVersion = 17.3.32825.248
MinimumVisualStudioVersion = 10.0.40219.1
Project("{888888A0-9F3D-457C-B088-3A5042F75D52}") = "OS_4laba_Zadanie3.1_Server_pipe", "OS_4laba_Zadanie3.1_Server_pipe.pyproj", "{626987E3-8451-4401-93A4-EC5170D1FA4C}"
EndProject
Global
	GlobalSection(SolutionConfigurationPlatforms) = preSolution
		Debug|Any CPU = Debug|Any CPU
		Release|Any CPU = Release|Any CPU
	EndGlobalSection
	GlobalSection(ProjectConfigurationPlatforms) = postSolution
		{626987E3-8451-4401-93A4-EC5170D1FA4C}.Debug|Any CPU.ActiveCfg = Debug|Any CPU
		{626987E3-8451-4401-93A4-EC5170D1FA4C}.Release|Any CPU.ActiveCfg = Release|Any CPU
	EndGlobalSection
	GlobalSection(SolutionProperties) = preSolution
		HideSolutionNode = FALSE
	EndGlobalSection
	GlobalSection(ExtensibilityGlobals) = postSolution
		SolutionGuid = {3551C362-81FC-4583-A261-0375971515FE}
	EndGlobalSection
EndGlobal
