
Microsoft Visual Studio Solution File, Format Version 12.00
# Visual Studio Version 17
VisualStudioVersion = 17.3.32825.248
MinimumVisualStudioVersion = 10.0.40219.1
Project("{888888A0-9F3D-457C-B088-3A5042F75D52}") = "OS_Laba4_Zadanie2_Server_socket", "OS_Laba4_Zadanie2_Server_socket.pyproj", "{E04C606C-B932-457F-BFAF-15E821F523CA}"
EndProject
Global
	GlobalSection(SolutionConfigurationPlatforms) = preSolution
		Debug|Any CPU = Debug|Any CPU
		Release|Any CPU = Release|Any CPU
	EndGlobalSection
	GlobalSection(ProjectConfigurationPlatforms) = postSolution
		{E04C606C-B932-457F-BFAF-15E821F523CA}.Debug|Any CPU.ActiveCfg = Debug|Any CPU
		{E04C606C-B932-457F-BFAF-15E821F523CA}.Release|Any CPU.ActiveCfg = Release|Any CPU
	EndGlobalSection
	GlobalSection(SolutionProperties) = preSolution
		HideSolutionNode = FALSE
	EndGlobalSection
	GlobalSection(ExtensibilityGlobals) = postSolution
		SolutionGuid = {F2AB744C-B9C4-494B-A50F-3B5F381C2F1D}
	EndGlobalSection
EndGlobal
